<?xml version="1.0" encoding="utf-8"?>
<Project ToolsVersion="4.0" xmlns="http://schemas.microsoft.com/developer/msbuild/2003">
  <ItemGroup>
    <Filter Include="Archivos de recursos">
      <UniqueIdentifier>{67DA6AB6-F800-4c08-8B7A-83BB121AAD01}</UniqueIdentifier>
      <Extensions>rc;ico;cur;bmp;dlg;rc2;rct;bin;rgs;gif;jpg;jpeg;jpe;resx;tiff;tif;png;wav;mfcribbon-ms</Extensions>
    </Filter>
    <Filter Include="Camera">
      <UniqueIdentifier>{40f9935f-e8d3-48b1-b599-4fd93c8552d5}</UniqueIdentifier>
    </Filter>
    <Filter Include="Font">
      <UniqueIdentifier>{5c26019a-ea11-4370-841c-70d5b03de9ca}</UniqueIdentifier>
    </Filter>
    <Filter Include="Texture">
      <UniqueIdentifier>{88d057bf-727b-4182-8ca4-64061019bdda}</UniqueIdentifier>
    </Filter>
    <Filter Include="RenderableVertex">
      <UniqueIdentifier>{7284a573-7d47-4c81-b506-91960ee24ee4}</UniqueIdentifier>
    </Filter>
    <Filter Include="StaticMeshes">
      <UniqueIdentifier>{0dfe7e8a-9d76-4301-8c45-b390111585ae}</UniqueIdentifier>
    </Filter>
    <Filter Include="Object">
      <UniqueIdentifier>{2cedf85a-a694-4f6b-8b20-acb39338e535}</UniqueIdentifier>
    </Filter>
    <Filter Include="Mesh">
      <UniqueIdentifier>{c1973183-d4c6-4d93-a80e-e3ea7465c07a}</UniqueIdentifier>
    </Filter>
    <Filter Include="Renderable">
      <UniqueIdentifier>{ee7840b0-d92b-4775-8cb2-0cc380545632}</UniqueIdentifier>
    </Filter>
    <Filter Include="AnimatedModels">
      <UniqueIdentifier>{aa6a2ba6-cbf8-4f70-b666-1651ea73e07e}</UniqueIdentifier>
    </Filter>
    <Filter Include="Lights">
      <UniqueIdentifier>{469eda1f-2832-4e88-a947-8c14603d21a6}</UniqueIdentifier>
    </Filter>
    <Filter Include="Effects">
      <UniqueIdentifier>{3b363986-580b-4711-affb-fdca013d2e7e}</UniqueIdentifier>
    </Filter>
    <Filter Include="Cinematics">
      <UniqueIdentifier>{f986e087-8b03-4507-972f-cf794a21bdf9}</UniqueIdentifier>
    </Filter>
    <Filter Include="Camera\Importer">
      <UniqueIdentifier>{ca0cab81-3496-43e5-aa21-30faf25a1844}</UniqueIdentifier>
    </Filter>
    <Filter Include="RenderableCommands">
      <UniqueIdentifier>{5fd68bb7-bad3-4270-aeb8-ed777e1056e8}</UniqueIdentifier>
    </Filter>
    <Filter Include="SceneElements">
      <UniqueIdentifier>{3465eb9e-2815-4961-8d9f-02eac8acc95a}</UniqueIdentifier>
    </Filter>
    <Filter Include="Particles">
      <UniqueIdentifier>{cd5720b4-7264-4aed-abfe-6cc43a73d2cd}</UniqueIdentifier>
    </Filter>
    <Filter Include="Collectibles">
      <UniqueIdentifier>{448151e2-98f6-4d0c-aec1-003d632b488c}</UniqueIdentifier>
    </Filter>
    <Filter Include="Cinematics\CinematicElement">
      <UniqueIdentifier>{aba01076-8555-4f41-9240-1e76919433b4}</UniqueIdentifier>
    </Filter>
  </ItemGroup>
  <ItemGroup>
    <ClCompile Include="GraphicsManager.cpp" />
    <ClCompile Include="Texture\Texture.cpp">
      <Filter>Texture</Filter>
    </ClCompile>
    <ClCompile Include="Texture\TextureManager.cpp">
      <Filter>Texture</Filter>
    </ClCompile>
    <ClCompile Include="Texture\CubeTexture.cpp">
      <Filter>Texture</Filter>
    </ClCompile>
    <ClCompile Include="Texture\GUITexture.cpp">
      <Filter>Texture</Filter>
    </ClCompile>
    <ClCompile Include="RenderableVertex\VertexTypes.cpp">
      <Filter>RenderableVertex</Filter>
    </ClCompile>
    <ClCompile Include="StaticMeshes\StaticMesh.cpp">
      <Filter>StaticMeshes</Filter>
    </ClCompile>
    <ClCompile Include="Camera\Camera.cpp">
      <Filter>Camera</Filter>
    </ClCompile>
    <ClCompile Include="Camera\CameraController.cpp">
      <Filter>Camera</Filter>
    </ClCompile>
    <ClCompile Include="Camera\FPSCamera.cpp">
      <Filter>Camera</Filter>
    </ClCompile>
    <ClCompile Include="Camera\Frustum.cpp">
      <Filter>Camera</Filter>
    </ClCompile>
    <ClCompile Include="Camera\ThPSCamera.cpp">
      <Filter>Camera</Filter>
    </ClCompile>
    <ClCompile Include="Font\FontManager.cpp">
      <Filter>Font</Filter>
    </ClCompile>
    <ClCompile Include="Object\Object3D.cpp">
      <Filter>Object</Filter>
    </ClCompile>
    <ClCompile Include="StaticMeshes\StaticMeshManager.cpp">
      <Filter>StaticMeshes</Filter>
    </ClCompile>
    <ClCompile Include="Renderable\RenderableObject.cpp">
      <Filter>Renderable</Filter>
    </ClCompile>
    <ClCompile Include="Renderable\RenderableObjectsManager.cpp">
      <Filter>Renderable</Filter>
    </ClCompile>
    <ClCompile Include="Mesh\MeshInstance.cpp">
      <Filter>Mesh</Filter>
    </ClCompile>
    <ClCompile Include="AnimatedModels\AnimatedCoreModel.cpp">
      <Filter>AnimatedModels</Filter>
    </ClCompile>
    <ClCompile Include="AnimatedModels\AnimatedInstanceModel.cpp">
      <Filter>AnimatedModels</Filter>
    </ClCompile>
    <ClCompile Include="AnimatedModels\AnimatedModelManager.cpp">
      <Filter>AnimatedModels</Filter>
    </ClCompile>
    <ClCompile Include="Lights\LightManager.cpp">
      <Filter>Lights</Filter>
    </ClCompile>
    <ClCompile Include="Lights\Light.cpp">
      <Filter>Lights</Filter>
    </ClCompile>
    <ClCompile Include="Lights\DirectionalLight.cpp">
      <Filter>Lights</Filter>
    </ClCompile>
    <ClCompile Include="Lights\OmniLight.cpp">
      <Filter>Lights</Filter>
    </ClCompile>
    <ClCompile Include="Lights\SpotLight.cpp">
      <Filter>Lights</Filter>
    </ClCompile>
    <ClCompile Include="Cinematics\Cinematic.cpp">
      <Filter>Cinematics</Filter>
    </ClCompile>
    <ClCompile Include="Cinematics\CinematicController.cpp">
      <Filter>Cinematics</Filter>
    </ClCompile>
    <ClCompile Include="Cinematics\CinematicObject.cpp">
      <Filter>Cinematics</Filter>
    </ClCompile>
    <ClCompile Include="Cinematics\CinematicObjectKeyFrame.cpp">
      <Filter>Cinematics</Filter>
    </ClCompile>
    <ClCompile Include="Cinematics\CinematicPlayer.cpp">
      <Filter>Cinematics</Filter>
    </ClCompile>
    <ClCompile Include="Camera\Importer\CameraInfo.cpp">
      <Filter>Camera\Importer</Filter>
    </ClCompile>
    <ClCompile Include="Camera\Importer\CameraKey.cpp">
      <Filter>Camera\Importer</Filter>
    </ClCompile>
    <ClCompile Include="Camera\Importer\CameraKeyController.cpp">
      <Filter>Camera\Importer</Filter>
    </ClCompile>
    <ClCompile Include="Effects\Effect.cpp">
      <Filter>Effects</Filter>
    </ClCompile>
    <ClCompile Include="Effects\EffectManager.cpp">
      <Filter>Effects</Filter>
    </ClCompile>
    <ClCompile Include="Effects\EffectTechnique.cpp">
      <Filter>Effects</Filter>
    </ClCompile>
    <ClCompile Include="Renderable\PoolRenderableObjectTechnique.cpp">
      <Filter>Renderable</Filter>
    </ClCompile>
    <ClCompile Include="Renderable\RenderableObjectsLayersManager.cpp">
      <Filter>Renderable</Filter>
    </ClCompile>
    <ClCompile Include="Renderable\RenderableObjectTechnique.cpp">
      <Filter>Renderable</Filter>
    </ClCompile>
    <ClCompile Include="Renderable\RenderableObjectTechniqueManager.cpp">
      <Filter>Renderable</Filter>
    </ClCompile>
    <ClCompile Include="RenderableCommands\BeginRenderSceneRendererCommand.cpp">
      <Filter>RenderableCommands</Filter>
    </ClCompile>
    <ClCompile Include="RenderableCommands\CaptureFrameBufferSceneRendererCommand.cpp">
      <Filter>RenderableCommands</Filter>
    </ClCompile>
    <ClCompile Include="RenderableCommands\ClearSceneRendererCommand.cpp">
      <Filter>RenderableCommands</Filter>
    </ClCompile>
    <ClCompile Include="RenderableCommands\DeferredShadingSceneRendererCommand.cpp">
      <Filter>RenderableCommands</Filter>
    </ClCompile>
    <ClCompile Include="RenderableCommands\DisableZWriteSceneRendererCommand.cpp">
      <Filter>RenderableCommands</Filter>
    </ClCompile>
    <ClCompile Include="RenderableCommands\DrawQuadRendererCommand.cpp">
      <Filter>RenderableCommands</Filter>
    </ClCompile>
    <ClCompile Include="RenderableCommands\EnableZWriteSceneRendererCommand.cpp">
      <Filter>RenderableCommands</Filter>
    </ClCompile>
    <ClCompile Include="RenderableCommands\EndRenderSceneRendererCommand.cpp">
      <Filter>RenderableCommands</Filter>
    </ClCompile>
    <ClCompile Include="RenderableCommands\PresentSceneRenderCommand.cpp">
      <Filter>RenderableCommands</Filter>
    </ClCompile>
    <ClCompile Include="RenderableCommands\RenderableObjectTechniquesSceneRendererCommand.cpp">
      <Filter>RenderableCommands</Filter>
    </ClCompile>
    <ClCompile Include="RenderableCommands\RenderDebugLightsSceneRendererCommand.cpp">
      <Filter>RenderableCommands</Filter>
    </ClCompile>
    <ClCompile Include="RenderableCommands\RenderDebugSceneSceneRendererCommand.cpp">
      <Filter>RenderableCommands</Filter>
    </ClCompile>
    <ClCompile Include="RenderableCommands\RenderDebugShadowMapsSceneRendererCommand.cpp">
      <Filter>RenderableCommands</Filter>
    </ClCompile>
    <ClCompile Include="RenderableCommands\RenderGUISceneRendererCommand.cpp">
      <Filter>RenderableCommands</Filter>
    </ClCompile>
    <ClCompile Include="RenderableCommands\RenderSceneSceneRendererCommand.cpp">
      <Filter>RenderableCommands</Filter>
    </ClCompile>
    <ClCompile Include="RenderableCommands\SceneRendererCommand.cpp">
      <Filter>RenderableCommands</Filter>
    </ClCompile>
    <ClCompile Include="RenderableCommands\SceneRendererCommandManager.cpp">
      <Filter>RenderableCommands</Filter>
    </ClCompile>
    <ClCompile Include="RenderableCommands\SetMatricesSceneRendererCommand.cpp">
      <Filter>RenderableCommands</Filter>
    </ClCompile>
    <ClCompile Include="RenderableCommands\SetRenderTargetSceneRendererCommand.cpp">
      <Filter>RenderableCommands</Filter>
    </ClCompile>
    <ClCompile Include="RenderableCommands\StagedTexturedRendererCommand.cpp">
      <Filter>RenderableCommands</Filter>
    </ClCompile>
    <ClCompile Include="RenderableCommands\UnsetRenderTargetSceneRendererCommand.cpp">
      <Filter>RenderableCommands</Filter>
    </ClCompile>
    <ClCompile Include="RenderableCommands\SetAxisRendererCommand.cpp">
      <Filter>RenderableCommands</Filter>
    </ClCompile>
    <ClCompile Include="Camera\OrthoFixedCamera.cpp">
      <Filter>Camera</Filter>
    </ClCompile>
    <ClCompile Include="Camera\OrthoFixedCameraController.cpp">
      <Filter>Camera</Filter>
    </ClCompile>
    <ClCompile Include="RenderableCommands\GenerateShadowMapsSceneRendererCommand.cpp">
      <Filter>RenderableCommands</Filter>
    </ClCompile>
    <ClCompile Include="RenderableCommands\DisableZTestSceneRendererCommand.cpp">
      <Filter>RenderableCommands</Filter>
    </ClCompile>
    <ClCompile Include="RenderableCommands\EnableZTestSceneRendererCommand.cpp">
      <Filter>RenderableCommands</Filter>
    </ClCompile>
    <ClCompile Include="RenderableCommands\DisableAlphaBlendCommand.cpp">
      <Filter>RenderableCommands</Filter>
    </ClCompile>
    <ClCompile Include="RenderableCommands\EnableAlphaBlendCommand.cpp">
      <Filter>RenderableCommands</Filter>
    </ClCompile>
    <ClCompile Include="RenderableCommands\RenderDebugInfoSceneRendererCommand.cpp">
      <Filter>RenderableCommands</Filter>
    </ClCompile>
    <ClCompile Include="RenderableCommands\GaussianBlurSceneRendererCommand.cpp">
      <Filter>RenderableCommands</Filter>
    </ClCompile>
    <ClCompile Include="SceneElements\StaticPlatform.cpp">
      <Filter>SceneElements</Filter>
    </ClCompile>
    <ClCompile Include="SceneElements\BreakablePlatform.cpp">
      <Filter>SceneElements</Filter>
    </ClCompile>
    <ClCompile Include="SceneElements\PinchosPlatform.cpp">
      <Filter>SceneElements</Filter>
    </ClCompile>
    <ClCompile Include="SceneElements\PolyPlatform.cpp">
      <Filter>SceneElements</Filter>
    </ClCompile>
    <ClCompile Include="SceneElements\MovingPlatform.cpp">
      <Filter>SceneElements</Filter>
    </ClCompile>
    <ClCompile Include="Particles\Billboard.cpp">
      <Filter>Particles</Filter>
    </ClCompile>
    <ClCompile Include="RenderableCommands\ParticleRendererCommand.cpp">
      <Filter>RenderableCommands</Filter>
    </ClCompile>
    <ClCompile Include="Particles\ParticleManager.cpp">
      <Filter>Particles</Filter>
    </ClCompile>
    <ClCompile Include="Particles\ParticleEmitter.cpp">
      <Filter>Particles</Filter>
    </ClCompile>
    <ClCompile Include="Particles\dummy.cpp" />
    <ClCompile Include="Particles\Particle.cpp">
      <Filter>Particles</Filter>
    </ClCompile>
    <ClCompile Include="Particles\BillboardManager.cpp">
      <Filter>Particles</Filter>
    </ClCompile>
    <ClCompile Include="RenderableCommands\CheckEnabledPolyRenderCommand.cpp">
      <Filter>RenderableCommands</Filter>
    </ClCompile>
    <ClCompile Include="RenderableCommands\SetTextureInSpecificStageCommand.cpp">
      <Filter>RenderableCommands</Filter>
    </ClCompile>
    <ClCompile Include="Collectibles\Collectible.cpp">
      <Filter>Collectibles</Filter>
    </ClCompile>
    <ClCompile Include="Collectibles\Cromo.cpp">
      <Filter>Collectibles</Filter>
    </ClCompile>
    <ClCompile Include="Collectibles\Pixelite.cpp">
      <Filter>Collectibles</Filter>
    </ClCompile>
    <ClCompile Include="Collectibles\CollectibleManager.cpp">
      <Filter>Collectibles</Filter>
    </ClCompile>
    <ClCompile Include="SceneElements\Switch.cpp">
      <Filter>SceneElements</Filter>
    </ClCompile>
    <ClCompile Include="SceneElements\SceneElement.cpp">
      <Filter>SceneElements</Filter>
    </ClCompile>
    <ClCompile Include="SceneElements\Door.cpp">
      <Filter>SceneElements</Filter>
    </ClCompile>
    <ClCompile Include="RenderableCommands\GenerateCascadeShadowMapsSceneRendererCommand.cpp">
      <Filter>RenderableCommands</Filter>
    </ClCompile>
    <ClCompile Include="RenderableCommands\BillboardRendererCommand.cpp">
      <Filter>RenderableCommands</Filter>
    </ClCompile>
    <ClCompile Include="Particles\InstancedBillboard.cpp">
      <Filter>Particles</Filter>
    </ClCompile>
    <ClCompile Include="SceneElements\WallTrap.cpp">
      <Filter>SceneElements</Filter>
    </ClCompile>
    <ClCompile Include="Cinematics\CinematicElement\CinematicElement.cpp">
      <Filter>Cinematics\CinematicElement</Filter>
    </ClCompile>
    <ClCompile Include="Cinematics\CinematicElement\CinematicElementCamera.cpp">
      <Filter>Cinematics\CinematicElement</Filter>
    </ClCompile>
    <ClCompile Include="Cinematics\CinematicElement\CinematicElementCinematic.cpp">
      <Filter>Cinematics\CinematicElement</Filter>
    </ClCompile>
    <ClCompile Include="RenderableCommands\ChangeEffectValueCommand.cpp">
      <Filter>RenderableCommands</Filter>
    </ClCompile>
  </ItemGroup>
  <ItemGroup>
    <ClInclude Include="GraphicsManager.h" />
    <ClInclude Include="Texture\Texture.h">
      <Filter>Texture</Filter>
    </ClInclude>
    <ClInclude Include="Texture\TextureManager.h">
      <Filter>Texture</Filter>
    </ClInclude>
    <ClInclude Include="Texture\CubeTexture.h">
      <Filter>Texture</Filter>
    </ClInclude>
    <ClInclude Include="Texture\GUITexture.h">
      <Filter>Texture</Filter>
    </ClInclude>
    <ClInclude Include="RenderableVertex\VertexTypes.h">
      <Filter>RenderableVertex</Filter>
    </ClInclude>
    <ClInclude Include="StaticMeshes\StaticMesh.h">
      <Filter>StaticMeshes</Filter>
    </ClInclude>
    <ClInclude Include="RenderableVertex\IndexedVertexs.h">
      <Filter>RenderableVertex</Filter>
    </ClInclude>
    <ClInclude Include="RenderableVertex\RenderableVertexs.h">
      <Filter>RenderableVertex</Filter>
    </ClInclude>
    <ClInclude Include="Camera\Camera.h">
      <Filter>Camera</Filter>
    </ClInclude>
    <ClInclude Include="Camera\CameraController.h">
      <Filter>Camera</Filter>
    </ClInclude>
    <ClInclude Include="Camera\FPSCamera.h">
      <Filter>Camera</Filter>
    </ClInclude>
    <ClInclude Include="Camera\Frustum.h">
      <Filter>Camera</Filter>
    </ClInclude>
    <ClInclude Include="Camera\ThPSCamera.h">
      <Filter>Camera</Filter>
    </ClInclude>
    <ClInclude Include="Font\FontManager.h">
      <Filter>Font</Filter>
    </ClInclude>
    <ClInclude Include="Object\Object3D.h">
      <Filter>Object</Filter>
    </ClInclude>
    <ClInclude Include="StaticMeshes\StaticMeshManager.h">
      <Filter>StaticMeshes</Filter>
    </ClInclude>
    <ClInclude Include="Renderable\RenderableObject.h">
      <Filter>Renderable</Filter>
    </ClInclude>
    <ClInclude Include="Renderable\RenderableObjectsManager.h">
      <Filter>Renderable</Filter>
    </ClInclude>
    <ClInclude Include="Mesh\MeshInstance.h">
      <Filter>Mesh</Filter>
    </ClInclude>
    <ClInclude Include="AnimatedModels\AnimatedCoreModel.h">
      <Filter>AnimatedModels</Filter>
    </ClInclude>
    <ClInclude Include="AnimatedModels\AnimatedInstanceModel.h">
      <Filter>AnimatedModels</Filter>
    </ClInclude>
    <ClInclude Include="AnimatedModels\AnimatedModelManager.h">
      <Filter>AnimatedModels</Filter>
    </ClInclude>
    <ClInclude Include="Lights\LightManager.h">
      <Filter>Lights</Filter>
    </ClInclude>
    <ClInclude Include="Lights\Light.h">
      <Filter>Lights</Filter>
    </ClInclude>
    <ClInclude Include="Lights\DirectionalLight.h">
      <Filter>Lights</Filter>
    </ClInclude>
    <ClInclude Include="Lights\OmniLight.h">
      <Filter>Lights</Filter>
    </ClInclude>
    <ClInclude Include="Lights\SpotLight.h">
      <Filter>Lights</Filter>
    </ClInclude>
    <ClInclude Include="Cinematics\Cinematic.h">
      <Filter>Cinematics</Filter>
    </ClInclude>
    <ClInclude Include="Cinematics\CinematicController.h">
      <Filter>Cinematics</Filter>
    </ClInclude>
    <ClInclude Include="Cinematics\CinematicObject.h">
      <Filter>Cinematics</Filter>
    </ClInclude>
    <ClInclude Include="Cinematics\CinematicObjectKeyFrame.h">
      <Filter>Cinematics</Filter>
    </ClInclude>
    <ClInclude Include="Cinematics\CinematicPlayer.h">
      <Filter>Cinematics</Filter>
    </ClInclude>
    <ClInclude Include="Camera\Importer\CameraInfo.h">
      <Filter>Camera\Importer</Filter>
    </ClInclude>
    <ClInclude Include="Camera\Importer\CameraKey.h">
      <Filter>Camera\Importer</Filter>
    </ClInclude>
    <ClInclude Include="Camera\Importer\CameraKeyController.h">
      <Filter>Camera\Importer</Filter>
    </ClInclude>
    <ClInclude Include="Effects\Effect.h">
      <Filter>Effects</Filter>
    </ClInclude>
    <ClInclude Include="Effects\EffectManager.h">
      <Filter>Effects</Filter>
    </ClInclude>
    <ClInclude Include="Effects\EffectTechnique.h">
      <Filter>Effects</Filter>
    </ClInclude>
    <ClInclude Include="Renderable\PoolRenderableObjectTechnique.h">
      <Filter>Renderable</Filter>
    </ClInclude>
    <ClInclude Include="Renderable\RenderableObjectsLayersManager.h">
      <Filter>Renderable</Filter>
    </ClInclude>
    <ClInclude Include="Renderable\RenderableObjectTechnique.h">
      <Filter>Renderable</Filter>
    </ClInclude>
    <ClInclude Include="Renderable\RenderableObjectTechniqueManager.h">
      <Filter>Renderable</Filter>
    </ClInclude>
    <ClInclude Include="RenderableCommands\BeginRenderSceneRendererCommand.h">
      <Filter>RenderableCommands</Filter>
    </ClInclude>
    <ClInclude Include="RenderableCommands\CaptureFrameBufferSceneRendererCommand.h">
      <Filter>RenderableCommands</Filter>
    </ClInclude>
    <ClInclude Include="RenderableCommands\ClearSceneRendererCommand.h">
      <Filter>RenderableCommands</Filter>
    </ClInclude>
    <ClInclude Include="RenderableCommands\DeferredShadingSceneRendererCommand.h">
      <Filter>RenderableCommands</Filter>
    </ClInclude>
    <ClInclude Include="RenderableCommands\DisableZWriteSceneRendererCommand.h">
      <Filter>RenderableCommands</Filter>
    </ClInclude>
    <ClInclude Include="RenderableCommands\DrawQuadRendererCommand.h">
      <Filter>RenderableCommands</Filter>
    </ClInclude>
    <ClInclude Include="RenderableCommands\EnableZWriteSceneRendererCommand.h">
      <Filter>RenderableCommands</Filter>
    </ClInclude>
    <ClInclude Include="RenderableCommands\EndRenderSceneRendererCommand.h">
      <Filter>RenderableCommands</Filter>
    </ClInclude>
    <ClInclude Include="RenderableCommands\PresentSceneRenderCommand.h">
      <Filter>RenderableCommands</Filter>
    </ClInclude>
    <ClInclude Include="RenderableCommands\RenderableObjectTechniquesSceneRendererCommand.h">
      <Filter>RenderableCommands</Filter>
    </ClInclude>
    <ClInclude Include="RenderableCommands\RenderDebugLightsSceneRendererCommand.h">
      <Filter>RenderableCommands</Filter>
    </ClInclude>
    <ClInclude Include="RenderableCommands\RenderDebugSceneSceneRendererCommand.h">
      <Filter>RenderableCommands</Filter>
    </ClInclude>
    <ClInclude Include="RenderableCommands\RenderDebugShadowMapsSceneRendererCommand.h">
      <Filter>RenderableCommands</Filter>
    </ClInclude>
    <ClInclude Include="RenderableCommands\RenderGUISceneRendererCommand.h">
      <Filter>RenderableCommands</Filter>
    </ClInclude>
    <ClInclude Include="RenderableCommands\RenderSceneSceneRendererCommand.h">
      <Filter>RenderableCommands</Filter>
    </ClInclude>
    <ClInclude Include="RenderableCommands\SceneRendererCommand.h">
      <Filter>RenderableCommands</Filter>
    </ClInclude>
    <ClInclude Include="RenderableCommands\SceneRendererCommandManager.h">
      <Filter>RenderableCommands</Filter>
    </ClInclude>
    <ClInclude Include="RenderableCommands\SetMatricesSceneRendererCommand.h">
      <Filter>RenderableCommands</Filter>
    </ClInclude>
    <ClInclude Include="RenderableCommands\SetRenderTargetSceneRendererCommand.h">
      <Filter>RenderableCommands</Filter>
    </ClInclude>
    <ClInclude Include="RenderableCommands\StagedTexturedRendererCommand.h">
      <Filter>RenderableCommands</Filter>
    </ClInclude>
    <ClInclude Include="RenderableCommands\UnsetRenderTargetSceneRendererCommand.h">
      <Filter>RenderableCommands</Filter>
    </ClInclude>
    <ClInclude Include="RenderableCommands\SetAxisRendererCommand.h">
      <Filter>RenderableCommands</Filter>
    </ClInclude>
    <ClInclude Include="Camera\OrthoFixedCamera.h">
      <Filter>Camera</Filter>
    </ClInclude>
    <ClInclude Include="Camera\OrthoFixedCameraController.h">
      <Filter>Camera</Filter>
    </ClInclude>
    <ClInclude Include="RenderableCommands\GenerateShadowMapsSceneRendererCommand.h">
      <Filter>RenderableCommands</Filter>
    </ClInclude>
    <ClInclude Include="RenderableCommands\DisableZTestSceneRendererCommand.h">
      <Filter>RenderableCommands</Filter>
    </ClInclude>
    <ClInclude Include="RenderableCommands\EnableZTestSceneRendererCommand.h">
      <Filter>RenderableCommands</Filter>
    </ClInclude>
    <ClInclude Include="RenderableCommands\DisableAlphaBlendCommand.h">
      <Filter>RenderableCommands</Filter>
    </ClInclude>
    <ClInclude Include="RenderableCommands\EnableAlphaBlendCommand.h">
      <Filter>RenderableCommands</Filter>
    </ClInclude>
    <ClInclude Include="RenderableCommands\RenderDebugInfoSceneRendererCommand.h">
      <Filter>RenderableCommands</Filter>
    </ClInclude>
    <ClInclude Include="RenderableCommands\GaussianBlurSceneRendererCommand.h">
      <Filter>RenderableCommands</Filter>
    </ClInclude>
    <ClInclude Include="SceneElements\StaticPlatform.h">
      <Filter>SceneElements</Filter>
    </ClInclude>
    <ClInclude Include="SceneElements\BreakablePlatform.h">
      <Filter>SceneElements</Filter>
    </ClInclude>
    <ClInclude Include="SceneElements\PinchosPlatform.h">
      <Filter>SceneElements</Filter>
    </ClInclude>
    <ClInclude Include="SceneElements\PolyPlatform.h">
      <Filter>SceneElements</Filter>
    </ClInclude>
    <ClInclude Include="SceneElements\MovingPlatform.h">
      <Filter>SceneElements</Filter>
    </ClInclude>
    <ClInclude Include="Particles\Billboard.h">
      <Filter>Particles</Filter>
    </ClInclude>
    <ClInclude Include="RenderableCommands\ParticleRendererCommand.h">
      <Filter>RenderableCommands</Filter>
    </ClInclude>
    <ClInclude Include="Particles\ParticleManager.h">
      <Filter>Particles</Filter>
    </ClInclude>
    <ClInclude Include="Particles\ParticleEmitter.h">
      <Filter>Particles</Filter>
    </ClInclude>
    <ClInclude Include="Particles\dummy.h" />
    <ClInclude Include="Particles\Particle.h">
      <Filter>Particles</Filter>
    </ClInclude>
    <ClInclude Include="Particles\RecyclingArray.h">
      <Filter>Particles</Filter>
    </ClInclude>
    <ClInclude Include="Particles\BillboardManager.h">
      <Filter>Particles</Filter>
    </ClInclude>
    <ClInclude Include="RenderableCommands\CheckEnabledPolyRenderCommand.h">
      <Filter>RenderableCommands</Filter>
    </ClInclude>
    <ClInclude Include="RenderableCommands\SetTextureInSpecificStageCommand.h">
      <Filter>RenderableCommands</Filter>
    </ClInclude>
    <ClInclude Include="Collectibles\Collectible.h">
      <Filter>Collectibles</Filter>
    </ClInclude>
    <ClInclude Include="Collectibles\Cromo.h">
      <Filter>Collectibles</Filter>
    </ClInclude>
    <ClInclude Include="Collectibles\Pixelite.h">
      <Filter>Collectibles</Filter>
    </ClInclude>
    <ClInclude Include="Collectibles\CollectibleManager.h">
      <Filter>Collectibles</Filter>
    </ClInclude>
    <ClInclude Include="SceneElements\Switch.h">
      <Filter>SceneElements</Filter>
    </ClInclude>
    <ClInclude Include="SceneElements\SceneElement.h">
      <Filter>SceneElements</Filter>
    </ClInclude>
    <ClInclude Include="SceneElements\Door.h">
      <Filter>SceneElements</Filter>
    </ClInclude>
    <ClInclude Include="RenderableCommands\GenerateCascadeShadowMapsSceneRendererCommand.h">
      <Filter>RenderableCommands</Filter>
    </ClInclude>
    <ClInclude Include="RenderableVertex\InstancingVertexs.h">
      <Filter>RenderableVertex</Filter>
    </ClInclude>
    <ClInclude Include="RenderableCommands\BillboardRendererCommand.h">
      <Filter>RenderableCommands</Filter>
    </ClInclude>
    <ClInclude Include="Particles\InstancedBillboard.h">
      <Filter>Particles</Filter>
    </ClInclude>
    <ClInclude Include="SceneElements\WallTrap.h">
      <Filter>SceneElements</Filter>
    </ClInclude>
    <ClInclude Include="Cinematics\CinematicElement\CinematicElement.h">
      <Filter>Cinematics\CinematicElement</Filter>
    </ClInclude>
    <ClInclude Include="Cinematics\CinematicElement\CinematicElementCamera.h">
      <Filter>Cinematics\CinematicElement</Filter>
    </ClInclude>
    <ClInclude Include="Cinematics\CinematicElement\CinematicElementCinematic.h">
      <Filter>Cinematics\CinematicElement</Filter>
    </ClInclude>
    <ClInclude Include="RenderableCommands\ChangeEffectValueCommand.h">
      <Filter>RenderableCommands</Filter>
    </ClInclude>
  </ItemGroup>
</Project>