
Microsoft Visual Studio Solution File, Format Version 11.00
# Visual Studio 2010
Project("{2150E333-8FDC-42A3-9474-1A3956D46DE8}") = "Engine", "Engine", "{118F0AB5-C692-49F3-8FA4-9FA4089965D2}"
EndProject
Project("{2150E333-8FDC-42A3-9474-1A3956D46DE8}") = "Game", "Game", "{90A1B123-1A3D-4D7B-AE0F-388B4A877B0F}"
EndProject
Project("{2150E333-8FDC-42A3-9474-1A3956D46DE8}") = "Tools", "Tools", "{E33BC268-A3DC-49B7-9580-9D6AADAA9D1F}"
EndProject
Project("{8BC9CEB8-8B4A-11D0-8D11-00A0C91BC942}") = "Videogame", "Videogame\Videogame.vcxproj", "{527642D4-1B66-4725-866D-542AEF6A1BA0}"
	ProjectSection(ProjectDependencies) = postProject
		{4803F702-1A9F-412D-A8E4-556D7642F727} = {4803F702-1A9F-412D-A8E4-556D7642F727}
		{A5648F0B-30BC-4A69-A24C-33BD60FB8FD2} = {A5648F0B-30BC-4A69-A24C-33BD60FB8FD2}
		{DE0FB93A-B7E3-4F4D-8966-D676E7698505} = {DE0FB93A-B7E3-4F4D-8966-D676E7698505}
		{F1709957-380B-494A-B9BE-742B94952236} = {F1709957-380B-494A-B9BE-742B94952236}
		{06AF6E74-1762-4BAD-9653-762DEDA575BC} = {06AF6E74-1762-4BAD-9653-762DEDA575BC}
		{ABD8DB84-38BC-4C77-AFA9-EF6EC35F16FA} = {ABD8DB84-38BC-4C77-AFA9-EF6EC35F16FA}
		{28C8F4B8-C17B-40B1-BC10-2A96F5453BDD} = {28C8F4B8-C17B-40B1-BC10-2A96F5453BDD}
		{D96368D6-8871-4D24-A0A1-86F183BB2325} = {D96368D6-8871-4D24-A0A1-86F183BB2325}
		{B85966FE-68AE-4DE5-8D0D-09E4CC473875} = {B85966FE-68AE-4DE5-8D0D-09E4CC473875}
	EndProjectSection
EndProject
Project("{8BC9CEB8-8B4A-11D0-8D11-00A0C91BC942}") = "Core", "Core\Core.vcxproj", "{ABD8DB84-38BC-4C77-AFA9-EF6EC35F16FA}"
EndProject
Project("{8BC9CEB8-8B4A-11D0-8D11-00A0C91BC942}") = "Base", "Base\Base.vcxproj", "{DE0FB93A-B7E3-4F4D-8966-D676E7698505}"
EndProject
Project("{8BC9CEB8-8B4A-11D0-8D11-00A0C91BC942}") = "Graphics", "Graphics\Graphics.vcxproj", "{D96368D6-8871-4D24-A0A1-86F183BB2325}"
EndProject
Project("{8BC9CEB8-8B4A-11D0-8D11-00A0C91BC942}") = "GUI", "GUI\GUI.vcxproj", "{F1709957-380B-494A-B9BE-742B94952236}"
EndProject
Project("{8BC9CEB8-8B4A-11D0-8D11-00A0C91BC942}") = "Network", "Network\Network.vcxproj", "{28C8F4B8-C17B-40B1-BC10-2A96F5453BDD}"
EndProject
Project("{8BC9CEB8-8B4A-11D0-8D11-00A0C91BC942}") = "Sound", "Sound\Sound.vcxproj", "{A5648F0B-30BC-4A69-A24C-33BD60FB8FD2}"
EndProject
Project("{8BC9CEB8-8B4A-11D0-8D11-00A0C91BC942}") = "PhysX", "PhysX\PhysX.vcxproj", "{B85966FE-68AE-4DE5-8D0D-09E4CC473875}"
EndProject
Project("{8BC9CEB8-8B4A-11D0-8D11-00A0C91BC942}") = "Input", "Input\Input.vcxproj.vcxproj", "{4803F702-1A9F-412D-A8E4-556D7642F727}"
EndProject
Project("{8BC9CEB8-8B4A-11D0-8D11-00A0C91BC942}") = "cal3d", "3dParty\cal3d\cal3d.vcxproj", "{06AF6E74-1762-4BAD-9653-762DEDA575BC}"
EndProject
Global
	GlobalSection(SolutionConfigurationPlatforms) = preSolution
		Debug|Win32 = Debug|Win32
		Release|Win32 = Release|Win32
	EndGlobalSection
	GlobalSection(ProjectConfigurationPlatforms) = postSolution
		{527642D4-1B66-4725-866D-542AEF6A1BA0}.Debug|Win32.ActiveCfg = Debug|Win32
		{527642D4-1B66-4725-866D-542AEF6A1BA0}.Debug|Win32.Build.0 = Debug|Win32
		{527642D4-1B66-4725-866D-542AEF6A1BA0}.Release|Win32.ActiveCfg = Release|Win32
		{527642D4-1B66-4725-866D-542AEF6A1BA0}.Release|Win32.Build.0 = Release|Win32
		{ABD8DB84-38BC-4C77-AFA9-EF6EC35F16FA}.Debug|Win32.ActiveCfg = Debug|Win32
		{ABD8DB84-38BC-4C77-AFA9-EF6EC35F16FA}.Debug|Win32.Build.0 = Debug|Win32
		{ABD8DB84-38BC-4C77-AFA9-EF6EC35F16FA}.Release|Win32.ActiveCfg = Release|Win32
		{ABD8DB84-38BC-4C77-AFA9-EF6EC35F16FA}.Release|Win32.Build.0 = Release|Win32
		{DE0FB93A-B7E3-4F4D-8966-D676E7698505}.Debug|Win32.ActiveCfg = Debug|Win32
		{DE0FB93A-B7E3-4F4D-8966-D676E7698505}.Debug|Win32.Build.0 = Debug|Win32
		{DE0FB93A-B7E3-4F4D-8966-D676E7698505}.Release|Win32.ActiveCfg = Release|Win32
		{DE0FB93A-B7E3-4F4D-8966-D676E7698505}.Release|Win32.Build.0 = Release|Win32
		{D96368D6-8871-4D24-A0A1-86F183BB2325}.Debug|Win32.ActiveCfg = Debug|Win32
		{D96368D6-8871-4D24-A0A1-86F183BB2325}.Debug|Win32.Build.0 = Debug|Win32
		{D96368D6-8871-4D24-A0A1-86F183BB2325}.Release|Win32.ActiveCfg = Release|Win32
		{D96368D6-8871-4D24-A0A1-86F183BB2325}.Release|Win32.Build.0 = Release|Win32
		{F1709957-380B-494A-B9BE-742B94952236}.Debug|Win32.ActiveCfg = Debug|Win32
		{F1709957-380B-494A-B9BE-742B94952236}.Debug|Win32.Build.0 = Debug|Win32
		{F1709957-380B-494A-B9BE-742B94952236}.Release|Win32.ActiveCfg = Release|Win32
		{F1709957-380B-494A-B9BE-742B94952236}.Release|Win32.Build.0 = Release|Win32
		{28C8F4B8-C17B-40B1-BC10-2A96F5453BDD}.Debug|Win32.ActiveCfg = Debug|Win32
		{28C8F4B8-C17B-40B1-BC10-2A96F5453BDD}.Debug|Win32.Build.0 = Debug|Win32
		{28C8F4B8-C17B-40B1-BC10-2A96F5453BDD}.Release|Win32.ActiveCfg = Release|Win32
		{28C8F4B8-C17B-40B1-BC10-2A96F5453BDD}.Release|Win32.Build.0 = Release|Win32
		{A5648F0B-30BC-4A69-A24C-33BD60FB8FD2}.Debug|Win32.ActiveCfg = Debug|Win32
		{A5648F0B-30BC-4A69-A24C-33BD60FB8FD2}.Debug|Win32.Build.0 = Debug|Win32
		{A5648F0B-30BC-4A69-A24C-33BD60FB8FD2}.Release|Win32.ActiveCfg = Release|Win32
		{A5648F0B-30BC-4A69-A24C-33BD60FB8FD2}.Release|Win32.Build.0 = Release|Win32
		{B85966FE-68AE-4DE5-8D0D-09E4CC473875}.Debug|Win32.ActiveCfg = Debug|Win32
		{B85966FE-68AE-4DE5-8D0D-09E4CC473875}.Debug|Win32.Build.0 = Debug|Win32
		{B85966FE-68AE-4DE5-8D0D-09E4CC473875}.Release|Win32.ActiveCfg = Release|Win32
		{B85966FE-68AE-4DE5-8D0D-09E4CC473875}.Release|Win32.Build.0 = Release|Win32
		{4803F702-1A9F-412D-A8E4-556D7642F727}.Debug|Win32.ActiveCfg = Debug|Win32
		{4803F702-1A9F-412D-A8E4-556D7642F727}.Debug|Win32.Build.0 = Debug|Win32
		{4803F702-1A9F-412D-A8E4-556D7642F727}.Release|Win32.ActiveCfg = Release|Win32
		{4803F702-1A9F-412D-A8E4-556D7642F727}.Release|Win32.Build.0 = Release|Win32
		{06AF6E74-1762-4BAD-9653-762DEDA575BC}.Debug|Win32.ActiveCfg = Debug|Win32
		{06AF6E74-1762-4BAD-9653-762DEDA575BC}.Debug|Win32.Build.0 = Debug|Win32
		{06AF6E74-1762-4BAD-9653-762DEDA575BC}.Release|Win32.ActiveCfg = Release|Win32
		{06AF6E74-1762-4BAD-9653-762DEDA575BC}.Release|Win32.Build.0 = Release|Win32
	EndGlobalSection
	GlobalSection(SolutionProperties) = preSolution
		HideSolutionNode = FALSE
	EndGlobalSection
	GlobalSection(NestedProjects) = preSolution
		{ABD8DB84-38BC-4C77-AFA9-EF6EC35F16FA} = {118F0AB5-C692-49F3-8FA4-9FA4089965D2}
		{DE0FB93A-B7E3-4F4D-8966-D676E7698505} = {118F0AB5-C692-49F3-8FA4-9FA4089965D2}
		{D96368D6-8871-4D24-A0A1-86F183BB2325} = {118F0AB5-C692-49F3-8FA4-9FA4089965D2}
		{F1709957-380B-494A-B9BE-742B94952236} = {118F0AB5-C692-49F3-8FA4-9FA4089965D2}
		{28C8F4B8-C17B-40B1-BC10-2A96F5453BDD} = {118F0AB5-C692-49F3-8FA4-9FA4089965D2}
		{A5648F0B-30BC-4A69-A24C-33BD60FB8FD2} = {118F0AB5-C692-49F3-8FA4-9FA4089965D2}
		{B85966FE-68AE-4DE5-8D0D-09E4CC473875} = {118F0AB5-C692-49F3-8FA4-9FA4089965D2}
		{4803F702-1A9F-412D-A8E4-556D7642F727} = {118F0AB5-C692-49F3-8FA4-9FA4089965D2}
		{06AF6E74-1762-4BAD-9653-762DEDA575BC} = {118F0AB5-C692-49F3-8FA4-9FA4089965D2}
		{527642D4-1B66-4725-866D-542AEF6A1BA0} = {90A1B123-1A3D-4D7B-AE0F-388B4A877B0F}
	EndGlobalSection
EndGlobal
