<?xml version="1.0" encoding="utf-8"?>
<Project ToolsVersion="4.0" xmlns="http://schemas.microsoft.com/developer/msbuild/2003">
  <ItemGroup>
    <Filter Include="Archivos de recursos">
      <UniqueIdentifier>{67DA6AB6-F800-4c08-8B7A-83BB121AAD01}</UniqueIdentifier>
      <Extensions>rc;ico;cur;bmp;dlg;rc2;rct;bin;rgs;gif;jpg;jpeg;jpe;resx;tiff;tif;png;wav;mfcribbon-ms</Extensions>
    </Filter>
    <Filter Include="GUI">
      <UniqueIdentifier>{75407a3c-80c2-45f1-8b4c-2488c894581c}</UniqueIdentifier>
    </Filter>
  </ItemGroup>
  <ItemGroup>
    <ClCompile Include="GUI\Button.cpp">
      <Filter>GUI</Filter>
    </ClCompile>
    <ClCompile Include="GUI\CheckButton.cpp">
      <Filter>GUI</Filter>
    </ClCompile>
    <ClCompile Include="GUI\DialogBox.cpp">
      <Filter>GUI</Filter>
    </ClCompile>
    <ClCompile Include="GUI\EditableTextBox.cpp">
      <Filter>GUI</Filter>
    </ClCompile>
    <ClCompile Include="GUI\GuiElement.cpp">
      <Filter>GUI</Filter>
    </ClCompile>
    <ClCompile Include="GUI\GUIManager.cpp">
      <Filter>GUI</Filter>
    </ClCompile>
    <ClCompile Include="GUI\Image.cpp">
      <Filter>GUI</Filter>
    </ClCompile>
    <ClCompile Include="GUI\PointerMouse.cpp">
      <Filter>GUI</Filter>
    </ClCompile>
    <ClCompile Include="GUI\ProgressBar.cpp">
      <Filter>GUI</Filter>
    </ClCompile>
    <ClCompile Include="GUI\RadioBox.cpp">
      <Filter>GUI</Filter>
    </ClCompile>
    <ClCompile Include="GUI\Slider.cpp">
      <Filter>GUI</Filter>
    </ClCompile>
    <ClCompile Include="GUI\StaticText.cpp">
      <Filter>GUI</Filter>
    </ClCompile>
    <ClCompile Include="GUI\TextBox.cpp">
      <Filter>GUI</Filter>
    </ClCompile>
    <ClCompile Include="GUI\Windows.cpp">
      <Filter>GUI</Filter>
    </ClCompile>
    <ClCompile Include="GUI\Console.cpp">
      <Filter>GUI</Filter>
    </ClCompile>
    <ClCompile Include="GUI\LifeGUI.cpp">
      <Filter>GUI</Filter>
    </ClCompile>
  </ItemGroup>
  <ItemGroup>
    <ClInclude Include="GUI\Button.h">
      <Filter>GUI</Filter>
    </ClInclude>
    <ClInclude Include="GUI\CheckButton.h">
      <Filter>GUI</Filter>
    </ClInclude>
    <ClInclude Include="GUI\DialogBox.h">
      <Filter>GUI</Filter>
    </ClInclude>
    <ClInclude Include="GUI\EditableTextBox.h">
      <Filter>GUI</Filter>
    </ClInclude>
    <ClInclude Include="GUI\GuiElement.h">
      <Filter>GUI</Filter>
    </ClInclude>
    <ClInclude Include="GUI\GUIManager.h">
      <Filter>GUI</Filter>
    </ClInclude>
    <ClInclude Include="GUI\Image.h">
      <Filter>GUI</Filter>
    </ClInclude>
    <ClInclude Include="GUI\PointerMouse.h">
      <Filter>GUI</Filter>
    </ClInclude>
    <ClInclude Include="GUI\ProgressBar.h">
      <Filter>GUI</Filter>
    </ClInclude>
    <ClInclude Include="GUI\RadioBox.h">
      <Filter>GUI</Filter>
    </ClInclude>
    <ClInclude Include="GUI\Slider.h">
      <Filter>GUI</Filter>
    </ClInclude>
    <ClInclude Include="GUI\StaticText.h">
      <Filter>GUI</Filter>
    </ClInclude>
    <ClInclude Include="GUI\TextBox.h">
      <Filter>GUI</Filter>
    </ClInclude>
    <ClInclude Include="GUI\Windows.h">
      <Filter>GUI</Filter>
    </ClInclude>
    <ClInclude Include="GUI\Console.h">
      <Filter>GUI</Filter>
    </ClInclude>
    <ClInclude Include="GUI\LifeGUI.h">
      <Filter>GUI</Filter>
    </ClInclude>
  </ItemGroup>
</Project>