<?xml version="1.0" encoding="utf-8"?>
<Project ToolsVersion="4.0" xmlns="http://schemas.microsoft.com/developer/msbuild/2003">
  <ItemGroup>
    <Filter Include="Archivos de recursos">
      <UniqueIdentifier>{67DA6AB6-F800-4c08-8B7A-83BB121AAD01}</UniqueIdentifier>
      <Extensions>rc;ico;cur;bmp;dlg;rc2;rct;bin;rgs;gif;jpg;jpeg;jpe;resx;tiff;tif;png;wav;mfcribbon-ms</Extensions>
    </Filter>
    <Filter Include="Core">
      <UniqueIdentifier>{11d1f001-4c41-405c-8b2e-8a639279a24c}</UniqueIdentifier>
    </Filter>
    <Filter Include="Engine">
      <UniqueIdentifier>{4dba809b-42a9-4e9b-8d2a-f887daa5c3bf}</UniqueIdentifier>
    </Filter>
    <Filter Include="Process">
      <UniqueIdentifier>{3a62d518-6c4e-4660-bed3-60e030cfbce0}</UniqueIdentifier>
    </Filter>
    <Filter Include="Utils">
      <UniqueIdentifier>{cc70e1a7-3e5e-4790-a38c-66b7f3e17286}</UniqueIdentifier>
    </Filter>
    <Filter Include="LogRender">
      <UniqueIdentifier>{fd65c091-a046-4de1-8c39-f19593ae80a9}</UniqueIdentifier>
    </Filter>
    <Filter Include="ScriptManager">
      <UniqueIdentifier>{65bd3b2b-e9a1-4c1c-9cdf-b3454456b721}</UniqueIdentifier>
    </Filter>
    <Filter Include="ScriptedController">
      <UniqueIdentifier>{21e8ec54-c1a9-427b-8b19-0ccdb7c3d8da}</UniqueIdentifier>
    </Filter>
    <Filter Include="PlayerController">
      <UniqueIdentifier>{a7df8b91-a908-4445-b570-5d8fb6106c66}</UniqueIdentifier>
    </Filter>
    <Filter Include="AI">
      <UniqueIdentifier>{c41f54e0-a765-4eea-9275-a2cffa18cd51}</UniqueIdentifier>
    </Filter>
  </ItemGroup>
  <ItemGroup>
    <ClCompile Include="Core\Engine.cpp">
      <Filter>Engine</Filter>
    </ClCompile>
    <ClCompile Include="Core\Process.cpp">
      <Filter>Process</Filter>
    </ClCompile>
    <ClCompile Include="Core_Utils\MemLeaks.cpp">
      <Filter>Utils</Filter>
    </ClCompile>
    <ClCompile Include="Core_Utils\Timer.cpp">
      <Filter>Utils</Filter>
    </ClCompile>
    <ClCompile Include="Core_Utils\LogRender.cpp">
      <Filter>LogRender</Filter>
    </ClCompile>
    <ClCompile Include="Core\Core.cpp">
      <Filter>Core</Filter>
    </ClCompile>
    <ClCompile Include="Core\ScriptManager.cpp">
      <Filter>ScriptManager</Filter>
    </ClCompile>
    <ClCompile Include="Core\CoreLuaWrapper.cpp">
      <Filter>Core</Filter>
    </ClCompile>
    <ClCompile Include="Core\MathLuaUtils.cpp">
      <Filter>ScriptManager</Filter>
    </ClCompile>
    <ClCompile Include="Core\ScriptedController.cpp">
      <Filter>ScriptedController</Filter>
    </ClCompile>
    <ClCompile Include="Core\PlayerController.cpp">
      <Filter>PlayerController</Filter>
    </ClCompile>
    <ClCompile Include="AI\AIController.cpp">
      <Filter>AI</Filter>
    </ClCompile>
  </ItemGroup>
  <ItemGroup>
    <ClInclude Include="Core\Core.h">
      <Filter>Core</Filter>
    </ClInclude>
    <ClInclude Include="Core\Engine.h">
      <Filter>Engine</Filter>
    </ClInclude>
    <ClInclude Include="Core\EngineDefs.h">
      <Filter>Engine</Filter>
    </ClInclude>
    <ClInclude Include="Core\Process.h">
      <Filter>Process</Filter>
    </ClInclude>
    <ClInclude Include="Core_Utils\MemLeaks.h">
      <Filter>Utils</Filter>
    </ClInclude>
    <ClInclude Include="Core_Utils\Timer.h">
      <Filter>Utils</Filter>
    </ClInclude>
    <ClInclude Include="Core_Utils\LogRender.h">
      <Filter>LogRender</Filter>
    </ClInclude>
    <ClInclude Include="Core\ScriptManager.h">
      <Filter>ScriptManager</Filter>
    </ClInclude>
    <ClInclude Include="Core\BindAdvancedShaders.h">
      <Filter>ScriptManager</Filter>
    </ClInclude>
    <ClInclude Include="Core\BindCinematics.h">
      <Filter>ScriptManager</Filter>
    </ClInclude>
    <ClInclude Include="Core\BindEffects.h">
      <Filter>ScriptManager</Filter>
    </ClInclude>
    <ClInclude Include="Core\BindLights.h">
      <Filter>ScriptManager</Filter>
    </ClInclude>
    <ClInclude Include="Core\BindCameraKeys.h">
      <Filter>ScriptManager</Filter>
    </ClInclude>
    <ClInclude Include="Core\BindCameras.h">
      <Filter>ScriptManager</Filter>
    </ClInclude>
    <ClInclude Include="Core\BindCore.h">
      <Filter>ScriptManager</Filter>
    </ClInclude>
    <ClInclude Include="Core\BindInputs.h">
      <Filter>ScriptManager</Filter>
    </ClInclude>
    <ClInclude Include="Core\BindManagers.h">
      <Filter>ScriptManager</Filter>
    </ClInclude>
    <ClInclude Include="Core\BindAnimatedModels.h">
      <Filter>ScriptManager</Filter>
    </ClInclude>
    <ClInclude Include="Core\CoreLuaWrapper.h">
      <Filter>Core</Filter>
    </ClInclude>
    <ClInclude Include="Core\MathLuaUtils.h">
      <Filter>ScriptManager</Filter>
    </ClInclude>
    <ClInclude Include="Core\ScriptedController.h">
      <Filter>ScriptedController</Filter>
    </ClInclude>
    <ClInclude Include="Core\BindVectors.h">
      <Filter>ScriptManager</Filter>
    </ClInclude>
    <ClInclude Include="Core\PlayerController.h">
      <Filter>PlayerController</Filter>
    </ClInclude>
    <ClInclude Include="Core\BindPhysx.h">
      <Filter>ScriptManager</Filter>
    </ClInclude>
    <ClInclude Include="AI\AIController.h">
      <Filter>AI</Filter>
    </ClInclude>
  </ItemGroup>
</Project>