<?xml version="1.0" encoding="utf-8"?>
<Project ToolsVersion="4.0" xmlns="http://schemas.microsoft.com/developer/msbuild/2003">
  <ItemGroup>
    <Filter Include="Archivos de recursos">
      <UniqueIdentifier>{67DA6AB6-F800-4c08-8B7A-83BB121AAD01}</UniqueIdentifier>
      <Extensions>rc;ico;cur;bmp;dlg;rc2;rct;bin;rgs;gif;jpg;jpeg;jpe;resx;tiff;tif;png;wav;mfcribbon-ms</Extensions>
    </Filter>
    <Filter Include="Test Input">
      <UniqueIdentifier>{5a615ad8-0f61-46f8-b34a-c093703c835c}</UniqueIdentifier>
    </Filter>
    <Filter Include="Test">
      <UniqueIdentifier>{d17c3f74-04e5-4bcd-9a28-20573eea22c8}</UniqueIdentifier>
    </Filter>
    <Filter Include="spce">
      <UniqueIdentifier>{037fdbe4-ed8a-438e-a2dd-f3bddb4344c2}</UniqueIdentifier>
    </Filter>
    <Filter Include="commands">
      <UniqueIdentifier>{fb021be5-354e-4f5f-aabe-7de8d724c3ec}</UniqueIdentifier>
    </Filter>
    <Filter Include="TestGameplay">
      <UniqueIdentifier>{4d72e07f-73f8-4c2e-829c-90f7cc3d39e8}</UniqueIdentifier>
    </Filter>
    <Filter Include="shaders">
      <UniqueIdentifier>{8c50cbb0-d75c-40f1-b621-6b4c926ac1ad}</UniqueIdentifier>
    </Filter>
  </ItemGroup>
  <ItemGroup>
    <ClCompile Include="videogame.cpp" />
    <ClCompile Include="VideoGame_Process.cpp">
      <Filter>Test Input</Filter>
    </ClCompile>
    <ClCompile Include="Test_Process.cpp">
      <Filter>Test</Filter>
    </ClCompile>
    <ClCompile Include="Test_Space.cpp">
      <Filter>spce</Filter>
    </ClCompile>
    <ClCompile Include="TestCommands.cpp">
      <Filter>commands</Filter>
    </ClCompile>
    <ClCompile Include="Granade.cpp">
      <Filter>spce</Filter>
    </ClCompile>
    <ClCompile Include="TestGameplay.cpp">
      <Filter>TestGameplay</Filter>
    </ClCompile>
  </ItemGroup>
  <ItemGroup>
    <ClInclude Include="VideoGame_Process.h">
      <Filter>Test Input</Filter>
    </ClInclude>
    <ClInclude Include="Test_Process.h">
      <Filter>Test</Filter>
    </ClInclude>
    <ClInclude Include="Test_Space.h">
      <Filter>spce</Filter>
    </ClInclude>
    <ClInclude Include="TestCommands.h">
      <Filter>commands</Filter>
    </ClInclude>
    <ClInclude Include="Granade.h">
      <Filter>spce</Filter>
    </ClInclude>
    <ClInclude Include="TestGameplay.h">
      <Filter>TestGameplay</Filter>
    </ClInclude>
  </ItemGroup>
  <ItemGroup>
    <None Include="ClassDiagram1.cd" />
  </ItemGroup>
</Project>